
Microsoft Visual Studio Solution File, Format Version 12.00
# Visual Studio 15
VisualStudioVersion = 15.0.26430.14
MinimumVisualStudioVersion = 10.0.40219.1
Project("{FAE04EC0-301F-11D3-BF4B-00C04F79EFBC}") = "PowerControlDemo", "PowerControlDemo\PowerControlDemo.csproj", "{9A77CA9F-C415-4344-8CD4-AB770678F32E}"
EndProject
Project("{FAE04EC0-301F-11D3-BF4B-00C04F79EFBC}") = "AccessControlHelper", "AccessControlHelper\AccessControlHelper.csproj", "{28D9EE9C-53F9-468D-AF75-EA71B9D433B4}"
EndProject
Project("{FAE04EC0-301F-11D3-BF4B-00C04F79EFBC}") = "EntityFramework.DbDescriptionHelper", "DbDescriptionHelper\EntityFramework.DbDescriptionHelper.csproj", "{7016BEDB-FD9F-4513-B84C-9939D66BF974}"
EndProject
Global
	GlobalSection(SolutionConfigurationPlatforms) = preSolution
		Debug|Any CPU = Debug|Any CPU
		Release|Any CPU = Release|Any CPU
	EndGlobalSection
	GlobalSection(ProjectConfigurationPlatforms) = postSolution
		{9A77CA9F-C415-4344-8CD4-AB770678F32E}.Debug|Any CPU.ActiveCfg = Debug|Any CPU
		{9A77CA9F-C415-4344-8CD4-AB770678F32E}.Debug|Any CPU.Build.0 = Debug|Any CPU
		{9A77CA9F-C415-4344-8CD4-AB770678F32E}.Release|Any CPU.ActiveCfg = Release|Any CPU
		{9A77CA9F-C415-4344-8CD4-AB770678F32E}.Release|Any CPU.Build.0 = Release|Any CPU
		{28D9EE9C-53F9-468D-AF75-EA71B9D433B4}.Debug|Any CPU.ActiveCfg = Debug|Any CPU
		{28D9EE9C-53F9-468D-AF75-EA71B9D433B4}.Debug|Any CPU.Build.0 = Debug|Any CPU
		{28D9EE9C-53F9-468D-AF75-EA71B9D433B4}.Release|Any CPU.ActiveCfg = Release|Any CPU
		{28D9EE9C-53F9-468D-AF75-EA71B9D433B4}.Release|Any CPU.Build.0 = Release|Any CPU
		{7016BEDB-FD9F-4513-B84C-9939D66BF974}.Debug|Any CPU.ActiveCfg = Debug|Any CPU
		{7016BEDB-FD9F-4513-B84C-9939D66BF974}.Debug|Any CPU.Build.0 = Debug|Any CPU
		{7016BEDB-FD9F-4513-B84C-9939D66BF974}.Release|Any CPU.ActiveCfg = Release|Any CPU
		{7016BEDB-FD9F-4513-B84C-9939D66BF974}.Release|Any CPU.Build.0 = Release|Any CPU
	EndGlobalSection
	GlobalSection(SolutionProperties) = preSolution
		HideSolutionNode = FALSE
	EndGlobalSection
EndGlobal
